// !$*UTF8*$!
{
	archiveVersion = 1;
	classes = {
	};
	objectVersion = 52;
	objects = {

/* Begin PBXBuildFile section */
		57EDFC3024F555ED00D4FE73 /* AppDelegate.swift in Sources */ = {isa = PBXBuildFile; fileRef = 57EDFC2F24F555ED00D4FE73 /* AppDelegate.swift */; };
		57EDFC3224F555ED00D4FE73 /* SceneDelegate.swift in Sources */ = {isa = PBXBuildFile; fileRef = 57EDFC3124F555ED00D4FE73 /* SceneDelegate.swift */; };
		57EDFC3424F555ED00D4FE73 /* PhotoSearchViewController.swift in Sources */ = {isa = PBXBuildFile; fileRef = 57EDFC3324F555ED00D4FE73 /* PhotoSearchViewController.swift */; };
		57EDFC3724F555ED00D4FE73 /* Main.storyboard in Resources */ = {isa = PBXBuildFile; fileRef = 57EDFC3524F555ED00D4FE73 /* Main.storyboard */; };
		57EDFC3924F555EE00D4FE73 /* Assets.xcassets in Resources */ = {isa = PBXBuildFile; fileRef = 57EDFC3824F555EE00D4FE73 /* Assets.xcassets */; };
		57EDFC3C24F555EE00D4FE73 /* LaunchScreen.storyboard in Resources */ = {isa = PBXBuildFile; fileRef = 57EDFC3A24F555EE00D4FE73 /* LaunchScreen.storyboard */; };
		57EDFC4424F55AFA00D4FE73 /* ImageCell.swift in Sources */ = {isa = PBXBuildFile; fileRef = 57EDFC4324F55AFA00D4FE73 /* ImageCell.swift */; };
		57EDFC4624F565A500D4FE73 /* APIClient.swift in Sources */ = {isa = PBXBuildFile; fileRef = 57EDFC4524F565A500D4FE73 /* APIClient.swift */; };
		57EDFC4824F565BB00D4FE73 /* Config.swift in Sources */ = {isa = PBXBuildFile; fileRef = 57EDFC4724F565BB00D4FE73 /* Config.swift */; };
		57EDFC4B24F56A8300D4FE73 /* Kingfisher in Frameworks */ = {isa = PBXBuildFile; productRef = 57EDFC4A24F56A8300D4FE73 /* Kingfisher */; };
		57EDFC4D24F56C8F00D4FE73 /* Photo.swift in Sources */ = {isa = PBXBuildFile; fileRef = 57EDFC4C24F56C8F00D4FE73 /* Photo.swift */; };
/* End PBXBuildFile section */

/* Begin PBXFileReference section */
		57EDFC2C24F555ED00D4FE73 /* Compositional-Layout-Combine.app */ = {isa = PBXFileReference; explicitFileType = wrapper.application; includeInIndex = 0; path = "Compositional-Layout-Combine.app"; sourceTree = BUILT_PRODUCTS_DIR; };
		57EDFC2F24F555ED00D4FE73 /* AppDelegate.swift */ = {isa = PBXFileReference; lastKnownFileType = sourcecode.swift; path = AppDelegate.swift; sourceTree = "<group>"; };
		57EDFC3124F555ED00D4FE73 /* SceneDelegate.swift */ = {isa = PBXFileReference; lastKnownFileType = sourcecode.swift; path = SceneDelegate.swift; sourceTree = "<group>"; };
		57EDFC3324F555ED00D4FE73 /* PhotoSearchViewController.swift */ = {isa = PBXFileReference; lastKnownFileType = sourcecode.swift; path = PhotoSearchViewController.swift; sourceTree = "<group>"; };
		57EDFC3624F555ED00D4FE73 /* Base */ = {isa = PBXFileReference; lastKnownFileType = file.storyboard; name = Base; path = Base.lproj/Main.storyboard; sourceTree = "<group>"; };
		57EDFC3824F555EE00D4FE73 /* Assets.xcassets */ = {isa = PBXFileReference; lastKnownFileType = folder.assetcatalog; path = Assets.xcassets; sourceTree = "<group>"; };
		57EDFC3B24F555EE00D4FE73 /* Base */ = {isa = PBXFileReference; lastKnownFileType = file.storyboard; name = Base; path = Base.lproj/LaunchScreen.storyboard; sourceTree = "<group>"; };
		57EDFC3D24F555EE00D4FE73 /* Info.plist */ = {isa = PBXFileReference; lastKnownFileType = text.plist.xml; path = Info.plist; sourceTree = "<group>"; };
		57EDFC4324F55AFA00D4FE73 /* ImageCell.swift */ = {isa = PBXFileReference; lastKnownFileType = sourcecode.swift; path = ImageCell.swift; sourceTree = "<group>"; };
		57EDFC4524F565A500D4FE73 /* APIClient.swift */ = {isa = PBXFileReference; lastKnownFileType = sourcecode.swift; path = APIClient.swift; sourceTree = "<group>"; };
		57EDFC4724F565BB00D4FE73 /* Config.swift */ = {isa = PBXFileReference; lastKnownFileType = sourcecode.swift; path = Config.swift; sourceTree = "<group>"; };
		57EDFC4C24F56C8F00D4FE73 /* Photo.swift */ = {isa = PBXFileReference; lastKnownFileType = sourcecode.swift; path = Photo.swift; sourceTree = "<group>"; };
/* End PBXFileReference section */

/* Begin PBXFrameworksBuildPhase section */
		57EDFC2924F555ED00D4FE73 /* Frameworks */ = {
			isa = PBXFrameworksBuildPhase;
			buildActionMask = 2147483647;
			files = (
				57EDFC4B24F56A8300D4FE73 /* Kingfisher in Frameworks */,
			);
			runOnlyForDeploymentPostprocessing = 0;
		};
/* End PBXFrameworksBuildPhase section */

/* Begin PBXGroup section */
		57EDFC2324F555EC00D4FE73 = {
			isa = PBXGroup;
			children = (
				57EDFC2E24F555ED00D4FE73 /* Compositional-Layout-Combine */,
				57EDFC2D24F555ED00D4FE73 /* Products */,
			);
			sourceTree = "<group>";
		};
		57EDFC2D24F555ED00D4FE73 /* Products */ = {
			isa = PBXGroup;
			children = (
				57EDFC2C24F555ED00D4FE73 /* Compositional-Layout-Combine.app */,
			);
			name = Products;
			sourceTree = "<group>";
		};
		57EDFC2E24F555ED00D4FE73 /* Compositional-Layout-Combine */ = {
			isa = PBXGroup;
			children = (
				57EDFC2F24F555ED00D4FE73 /* AppDelegate.swift */,
				57EDFC3124F555ED00D4FE73 /* SceneDelegate.swift */,
				57EDFC4324F55AFA00D4FE73 /* ImageCell.swift */,
				57EDFC4524F565A500D4FE73 /* APIClient.swift */,
				57EDFC4C24F56C8F00D4FE73 /* Photo.swift */,
				57EDFC4724F565BB00D4FE73 /* Config.swift */,
				57EDFC3324F555ED00D4FE73 /* PhotoSearchViewController.swift */,
				57EDFC3524F555ED00D4FE73 /* Main.storyboard */,
				57EDFC3824F555EE00D4FE73 /* Assets.xcassets */,
				57EDFC3A24F555EE00D4FE73 /* LaunchScreen.storyboard */,
				57EDFC3D24F555EE00D4FE73 /* Info.plist */,
			);
			path = "Compositional-Layout-Combine";
			sourceTree = "<group>";
		};
/* End PBXGroup section */

/* Begin PBXNativeTarget section */
		57EDFC2B24F555ED00D4FE73 /* Compositional-Layout-Combine */ = {
			isa = PBXNativeTarget;
			buildConfigurationList = 57EDFC4024F555EE00D4FE73 /* Build configuration list for PBXNativeTarget "Compositional-Layout-Combine" */;
			buildPhases = (
				57EDFC2824F555ED00D4FE73 /* Sources */,
				57EDFC2924F555ED00D4FE73 /* Frameworks */,
				57EDFC2A24F555ED00D4FE73 /* Resources */,
			);
			buildRules = (
			);
			dependencies = (
			);
			name = "Compositional-Layout-Combine";
			packageProductDependencies = (
				57EDFC4A24F56A8300D4FE73 /* Kingfisher */,
			);
			productName = "Compositional-Layout-Combine";
			productReference = 57EDFC2C24F555ED00D4FE73 /* Compositional-Layout-Combine.app */;
			productType = "com.apple.product-type.application";
		};
/* End PBXNativeTarget section */

/* Begin PBXProject section */
		57EDFC2424F555EC00D4FE73 /* Project object */ = {
			isa = PBXProject;
			attributes = {
				LastSwiftUpdateCheck = 1160;
				LastUpgradeCheck = 1160;
				ORGANIZATIONNAME = "Alex Paul";
				TargetAttributes = {
					57EDFC2B24F555ED00D4FE73 = {
						CreatedOnToolsVersion = 11.6;
					};
				};
			};
			buildConfigurationList = 57EDFC2724F555EC00D4FE73 /* Build configuration list for PBXProject "Compositional-Layout-Combine" */;
			compatibilityVersion = "Xcode 9.3";
			developmentRegion = en;
			hasScannedForEncodings = 0;
			knownRegions = (
				en,
				Base,
			);
			mainGroup = 57EDFC2324F555EC00D4FE73;
			packageReferences = (
				57EDFC4924F56A8300D4FE73 /* XCRemoteSwiftPackageReference "Kingfisher" */,
			);
			productRefGroup = 57EDFC2D24F555ED00D4FE73 /* Products */;
			projectDirPath = "";
			projectRoot = "";
			targets = (
				57EDFC2B24F555ED00D4FE73 /* Compositional-Layout-Combine */,
			);
		};
/* End PBXProject section */

/* Begin PBXResourcesBuildPhase section */
		57EDFC2A24F555ED00D4FE73 /* Resources */ = {
			isa = PBXResourcesBuildPhase;
			buildActionMask = 2147483647;
			files = (
				57EDFC3C24F555EE00D4FE73 /* LaunchScreen.storyboard in Resources */,
				57EDFC3924F555EE00D4FE73 /* Assets.xcassets in Resources */,
				57EDFC3724F555ED00D4FE73 /* Main.storyboard in Resources */,
			);
			runOnlyForDeploymentPostprocessing = 0;
		};
/* End PBXResourcesBuildPhase section */

/* Begin PBXSourcesBuildPhase section */
		57EDFC2824F555ED00D4FE73 /* Sources */ = {
			isa = PBXSourcesBuildPhase;
			buildActionMask = 2147483647;
			files = (
				57EDFC4D24F56C8F00D4FE73 /* Photo.swift in Sources */,
				57EDFC3424F555ED00D4FE73 /* PhotoSearchViewController.swift in Sources */,
				57EDFC4424F55AFA00D4FE73 /* ImageCell.swift in Sources */,
				57EDFC3024F555ED00D4FE73 /* AppDelegate.swift in Sources */,
				57EDFC4624F565A500D4FE73 /* APIClient.swift in Sources */,
				57EDFC3224F555ED00D4FE73 /* SceneDelegate.swift in Sources */,
				57EDFC4824F565BB00D4FE73 /* Config.swift in Sources */,
			);
			runOnlyForDeploymentPostprocessing = 0;
		};
/* End PBXSourcesBuildPhase section */

/* Begin PBXVariantGroup section */
		57EDFC3524F555ED00D4FE73 /* Main.storyboard */ = {
			isa = PBXVariantGroup;
			children = (
				57EDFC3624F555ED00D4FE73 /* Base */,
			);
			name = Main.storyboard;
			sourceTree = "<group>";
		};
		57EDFC3A24F555EE00D4FE73 /* LaunchScreen.storyboard */ = {
			isa = PBXVariantGroup;
			children = (
				57EDFC3B24F555EE00D4FE73 /* Base */,
			);
			name = LaunchScreen.storyboard;
			sourceTree = "<group>";
		};
/* End PBXVariantGroup section */

/* Begin XCBuildConfiguration section */
		57EDFC3E24F555EE00D4FE73 /* Debug */ = {
			isa = XCBuildConfiguration;
			buildSettings = {
				ALWAYS_SEARCH_USER_PATHS = NO;
				CLANG_ANALYZER_NONNULL = YES;
				CLANG_ANALYZER_NUMBER_OBJECT_CONVERSION = YES_AGGRESSIVE;
				CLANG_CXX_LANGUAGE_STANDARD = "gnu++14";
				CLANG_CXX_LIBRARY = "libc++";
				CLANG_ENABLE_MODULES = YES;
				CLANG_ENABLE_OBJC_ARC = YES;
				CLANG_ENABLE_OBJC_WEAK = YES;
				CLANG_WARN_BLOCK_CAPTURE_AUTORELEASING = YES;
				CLANG_WARN_BOOL_CONVERSION = YES;
				CLANG_WARN_COMMA = YES;
				CLANG_WARN_CONSTANT_CONVERSION = YES;
				CLANG_WARN_DEPRECATED_OBJC_IMPLEMENTATIONS = YES;
				CLANG_WARN_DIRECT_OBJC_ISA_USAGE = YES_ERROR;
				CLANG_WARN_DOCUMENTATION_COMMENTS = YES;
				CLANG_WARN_EMPTY_BODY = YES;
				CLANG_WARN_ENUM_CONVERSION = YES;
				CLANG_WARN_INFINITE_RECURSION = YES;
				CLANG_WARN_INT_CONVERSION = YES;
				CLANG_WARN_NON_LITERAL_NULL_CONVERSION = YES;
				CLANG_WARN_OBJC_IMPLICIT_RETAIN_SELF = YES;
				CLANG_WARN_OBJC_LITERAL_CONVERSION = YES;
				CLANG_WARN_OBJC_ROOT_CLASS = YES_ERROR;
				CLANG_WARN_RANGE_LOOP_ANALYSIS = YES;
				CLANG_WARN_STRICT_PROTOTYPES = YES;
				CLANG_WARN_SUSPICIOUS_MOVE = YES;
				CLANG_WARN_UNGUARDED_AVAILABILITY = YES_AGGRESSIVE;
				CLANG_WARN_UNREACHABLE_CODE = YES;
				CLANG_WARN__DUPLICATE_METHOD_MATCH = YES;
				COPY_PHASE_STRIP = NO;
				DEBUG_INFORMATION_FORMAT = dwarf;
				ENABLE_STRICT_OBJC_MSGSEND = YES;
				ENABLE_TESTABILITY = YES;
				GCC_C_LANGUAGE_STANDARD = gnu11;
				GCC_DYNAMIC_NO_PIC = NO;
				GCC_NO_COMMON_BLOCKS = YES;
				GCC_OPTIMIZATION_LEVEL = 0;
				GCC_PREPROCESSOR_DEFINITIONS = (
					"DEBUG=1",
					"$(inherited)",
				);
				GCC_WARN_64_TO_32_BIT_CONVERSION = YES;
				GCC_WARN_ABOUT_RETURN_TYPE = YES_ERROR;
				GCC_WARN_UNDECLARED_SELECTOR = YES;
				GCC_WARN_UNINITIALIZED_AUTOS = YES_AGGRESSIVE;
				GCC_WARN_UNUSED_FUNCTION = YES;
				GCC_WARN_UNUSED_VARIABLE = YES;
				IPHONEOS_DEPLOYMENT_TARGET = 13.6;
				MTL_ENABLE_DEBUG_INFO = INCLUDE_SOURCE;
				MTL_FAST_MATH = YES;
				ONLY_ACTIVE_ARCH = YES;
				SDKROOT = iphoneos;
				SWIFT_ACTIVE_COMPILATION_CONDITIONS = DEBUG;
				SWIFT_OPTIMIZATION_LEVEL = "-Onone";
			};
			name = Debug;
		};
		57EDFC3F24F555EE00D4FE73 /* Release */ = {
			isa = XCBuildConfiguration;
			buildSettings = {
				ALWAYS_SEARCH_USER_PATHS = NO;
				CLANG_ANALYZER_NONNULL = YES;
				CLANG_ANALYZER_NUMBER_OBJECT_CONVERSION = YES_AGGRESSIVE;
				CLANG_CXX_LANGUAGE_STANDARD = "gnu++14";
				CLANG_CXX_LIBRARY = "libc++";
				CLANG_ENABLE_MODULES = YES;
				CLANG_ENABLE_OBJC_ARC = YES;
				CLANG_ENABLE_OBJC_WEAK = YES;
				CLANG_WARN_BLOCK_CAPTURE_AUTORELEASING = YES;
				CLANG_WARN_BOOL_CONVERSION = YES;
				CLANG_WARN_COMMA = YES;
				CLANG_WARN_CONSTANT_CONVERSION = YES;
				CLANG_WARN_DEPRECATED_OBJC_IMPLEMENTATIONS = YES;
				CLANG_WARN_DIRECT_OBJC_ISA_USAGE = YES_ERROR;
				CLANG_WARN_DOCUMENTATION_COMMENTS = YES;
				CLANG_WARN_EMPTY_BODY = YES;
				CLANG_WARN_ENUM_CONVERSION = YES;
				CLANG_WARN_INFINITE_RECURSION = YES;
				CLANG_WARN_INT_CONVERSION = YES;
				CLANG_WARN_NON_LITERAL_NULL_CONVERSION = YES;
				CLANG_WARN_OBJC_IMPLICIT_RETAIN_SELF = YES;
				CLANG_WARN_OBJC_LITERAL_CONVERSION = YES;
				CLANG_WARN_OBJC_ROOT_CLASS = YES_ERROR;
				CLANG_WARN_RANGE_LOOP_ANALYSIS = YES;
				CLANG_WARN_STRICT_PROTOTYPES = YES;
				CLANG_WARN_SUSPICIOUS_MOVE = YES;
				CLANG_WARN_UNGUARDED_AVAILABILITY = YES_AGGRESSIVE;
				CLANG_WARN_UNREACHABLE_CODE = YES;
				CLANG_WARN__DUPLICATE_METHOD_MATCH = YES;
				COPY_PHASE_STRIP = NO;
				DEBUG_INFORMATION_FORMAT = "dwarf-with-dsym";
				ENABLE_NS_ASSERTIONS = NO;
				ENABLE_STRICT_OBJC_MSGSEND = YES;
				GCC_C_LANGUAGE_STANDARD = gnu11;
				GCC_NO_COMMON_BLOCKS = YES;
				GCC_WARN_64_TO_32_BIT_CONVERSION = YES;
				GCC_WARN_ABOUT_RETURN_TYPE = YES_ERROR;
				GCC_WARN_UNDECLARED_SELECTOR = YES;
				GCC_WARN_UNINITIALIZED_AUTOS = YES_AGGRESSIVE;
				GCC_WARN_UNUSED_FUNCTION = YES;
				GCC_WARN_UNUSED_VARIABLE = YES;
				IPHONEOS_DEPLOYMENT_TARGET = 13.6;
				MTL_ENABLE_DEBUG_INFO = NO;
				MTL_FAST_MATH = YES;
				SDKROOT = iphoneos;
				SWIFT_COMPILATION_MODE = wholemodule;
				SWIFT_OPTIMIZATION_LEVEL = "-O";
				VALIDATE_PRODUCT = YES;
			};
			name = Release;
		};
		57EDFC4124F555EE00D4FE73 /* Debug */ = {
			isa = XCBuildConfiguration;
			buildSettings = {
				ASSETCATALOG_COMPILER_APPICON_NAME = AppIcon;
				CODE_SIGN_STYLE = Automatic;
				DEVELOPMENT_TEAM = ZEKMNK5YD3;
				INFOPLIST_FILE = "Compositional-Layout-Combine/Info.plist";
				LD_RUNPATH_SEARCH_PATHS = (
					"$(inherited)",
					"@executable_path/Frameworks",
				);
				PRODUCT_BUNDLE_IDENTIFIER = "com.alexcpaul.Compositional-Layout-Combine";
				PRODUCT_NAME = "$(TARGET_NAME)";
				SWIFT_VERSION = 5.0;
				TARGETED_DEVICE_FAMILY = "1,2";
			};
			name = Debug;
		};
		57EDFC4224F555EE00D4FE73 /* Release */ = {
			isa = XCBuildConfiguration;
			buildSettings = {
				ASSETCATALOG_COMPILER_APPICON_NAME = AppIcon;
				CODE_SIGN_STYLE = Automatic;
				DEVELOPMENT_TEAM = ZEKMNK5YD3;
				INFOPLIST_FILE = "Compositional-Layout-Combine/Info.plist";
				LD_RUNPATH_SEARCH_PATHS = (
					"$(inherited)",
					"@executable_path/Frameworks",
				);
				PRODUCT_BUNDLE_IDENTIFIER = "com.alexcpaul.Compositional-Layout-Combine";
				PRODUCT_NAME = "$(TARGET_NAME)";
				SWIFT_VERSION = 5.0;
				TARGETED_DEVICE_FAMILY = "1,2";
			};
			name = Release;
		};
/* End XCBuildConfiguration section */

/* Begin XCConfigurationList section */
		57EDFC2724F555EC00D4FE73 /* Build configuration list for PBXProject "Compositional-Layout-Combine" */ = {
			isa = XCConfigurationList;
			buildConfigurations = (
				57EDFC3E24F555EE00D4FE73 /* Debug */,
				57EDFC3F24F555EE00D4FE73 /* Release */,
			);
			defaultConfigurationIsVisible = 0;
			defaultConfigurationName = Release;
		};
		57EDFC4024F555EE00D4FE73 /* Build configuration list for PBXNativeTarget "Compositional-Layout-Combine" */ = {
			isa = XCConfigurationList;
			buildConfigurations = (
				57EDFC4124F555EE00D4FE73 /* Debug */,
				57EDFC4224F555EE00D4FE73 /* Release */,
			);
			defaultConfigurationIsVisible = 0;
			defaultConfigurationName = Release;
		};
/* End XCConfigurationList section */

/* Begin XCRemoteSwiftPackageReference section */
		57EDFC4924F56A8300D4FE73 /* XCRemoteSwiftPackageReference "Kingfisher" */ = {
			isa = XCRemoteSwiftPackageReference;
			repositoryURL = "https://github.com/onevcat/Kingfisher";
			requirement = {
				kind = upToNextMajorVersion;
				minimumVersion = 5.15.0;
			};
		};
/* End XCRemoteSwiftPackageReference section */

/* Begin XCSwiftPackageProductDependency section */
		57EDFC4A24F56A8300D4FE73 /* Kingfisher */ = {
			isa = XCSwiftPackageProductDependency;
			package = 57EDFC4924F56A8300D4FE73 /* XCRemoteSwiftPackageReference "Kingfisher" */;
			productName = Kingfisher;
		};
/* End XCSwiftPackageProductDependency section */
	};
	rootObject = 57EDFC2424F555EC00D4FE73 /* Project object */;
}
