// !$*UTF8*$!
{
	archiveVersion = 1;
	classes = {
	};
	objectVersion = 50;
	objects = {

/* Begin PBXBuildFile section */
		57FF290B24F40341001CE1CE /* AppDelegate.swift in Sources */ = {isa = PBXBuildFile; fileRef = 57FF290A24F40341001CE1CE /* AppDelegate.swift */; };
		57FF290D24F40341001CE1CE /* SceneDelegate.swift in Sources */ = {isa = PBXBuildFile; fileRef = 57FF290C24F40341001CE1CE /* SceneDelegate.swift */; };
		57FF290F24F40341001CE1CE /* NestedGroupsViewController.swift in Sources */ = {isa = PBXBuildFile; fileRef = 57FF290E24F40341001CE1CE /* NestedGroupsViewController.swift */; };
		57FF291224F40341001CE1CE /* Main.storyboard in Resources */ = {isa = PBXBuildFile; fileRef = 57FF291024F40341001CE1CE /* Main.storyboard */; };
		57FF291424F40342001CE1CE /* Assets.xcassets in Resources */ = {isa = PBXBuildFile; fileRef = 57FF291324F40342001CE1CE /* Assets.xcassets */; };
		57FF291724F40342001CE1CE /* LaunchScreen.storyboard in Resources */ = {isa = PBXBuildFile; fileRef = 57FF291524F40342001CE1CE /* LaunchScreen.storyboard */; };
		57FF291F24F40391001CE1CE /* LabelCell.swift in Sources */ = {isa = PBXBuildFile; fileRef = 57FF291E24F40391001CE1CE /* LabelCell.swift */; };
		57FF292124F413C4001CE1CE /* HeaderView.swift in Sources */ = {isa = PBXBuildFile; fileRef = 57FF292024F413C4001CE1CE /* HeaderView.swift */; };
/* End PBXBuildFile section */

/* Begin PBXFileReference section */
		57FF290724F40341001CE1CE /* Nested-Groups-Orthogonal-Scrolling.app */ = {isa = PBXFileReference; explicitFileType = wrapper.application; includeInIndex = 0; path = "Nested-Groups-Orthogonal-Scrolling.app"; sourceTree = BUILT_PRODUCTS_DIR; };
		57FF290A24F40341001CE1CE /* AppDelegate.swift */ = {isa = PBXFileReference; lastKnownFileType = sourcecode.swift; path = AppDelegate.swift; sourceTree = "<group>"; };
		57FF290C24F40341001CE1CE /* SceneDelegate.swift */ = {isa = PBXFileReference; lastKnownFileType = sourcecode.swift; path = SceneDelegate.swift; sourceTree = "<group>"; };
		57FF290E24F40341001CE1CE /* NestedGroupsViewController.swift */ = {isa = PBXFileReference; lastKnownFileType = sourcecode.swift; path = NestedGroupsViewController.swift; sourceTree = "<group>"; };
		57FF291124F40341001CE1CE /* Base */ = {isa = PBXFileReference; lastKnownFileType = file.storyboard; name = Base; path = Base.lproj/Main.storyboard; sourceTree = "<group>"; };
		57FF291324F40342001CE1CE /* Assets.xcassets */ = {isa = PBXFileReference; lastKnownFileType = folder.assetcatalog; path = Assets.xcassets; sourceTree = "<group>"; };
		57FF291624F40342001CE1CE /* Base */ = {isa = PBXFileReference; lastKnownFileType = file.storyboard; name = Base; path = Base.lproj/LaunchScreen.storyboard; sourceTree = "<group>"; };
		57FF291824F40343001CE1CE /* Info.plist */ = {isa = PBXFileReference; lastKnownFileType = text.plist.xml; path = Info.plist; sourceTree = "<group>"; };
		57FF291E24F40391001CE1CE /* LabelCell.swift */ = {isa = PBXFileReference; lastKnownFileType = sourcecode.swift; path = LabelCell.swift; sourceTree = "<group>"; };
		57FF292024F413C4001CE1CE /* HeaderView.swift */ = {isa = PBXFileReference; lastKnownFileType = sourcecode.swift; path = HeaderView.swift; sourceTree = "<group>"; };
/* End PBXFileReference section */

/* Begin PBXFrameworksBuildPhase section */
		57FF290424F40341001CE1CE /* Frameworks */ = {
			isa = PBXFrameworksBuildPhase;
			buildActionMask = 2147483647;
			files = (
			);
			runOnlyForDeploymentPostprocessing = 0;
		};
/* End PBXFrameworksBuildPhase section */

/* Begin PBXGroup section */
		57FF28FE24F40341001CE1CE = {
			isa = PBXGroup;
			children = (
				57FF290924F40341001CE1CE /* Nested-Groups-Orthogonal-Scrolling */,
				57FF290824F40341001CE1CE /* Products */,
			);
			sourceTree = "<group>";
		};
		57FF290824F40341001CE1CE /* Products */ = {
			isa = PBXGroup;
			children = (
				57FF290724F40341001CE1CE /* Nested-Groups-Orthogonal-Scrolling.app */,
			);
			name = Products;
			sourceTree = "<group>";
		};
		57FF290924F40341001CE1CE /* Nested-Groups-Orthogonal-Scrolling */ = {
			isa = PBXGroup;
			children = (
				57FF290A24F40341001CE1CE /* AppDelegate.swift */,
				57FF290C24F40341001CE1CE /* SceneDelegate.swift */,
				57FF290E24F40341001CE1CE /* NestedGroupsViewController.swift */,
				57FF291E24F40391001CE1CE /* LabelCell.swift */,
				57FF292024F413C4001CE1CE /* HeaderView.swift */,
				57FF291024F40341001CE1CE /* Main.storyboard */,
				57FF291324F40342001CE1CE /* Assets.xcassets */,
				57FF291524F40342001CE1CE /* LaunchScreen.storyboard */,
				57FF291824F40343001CE1CE /* Info.plist */,
			);
			path = "Nested-Groups-Orthogonal-Scrolling";
			sourceTree = "<group>";
		};
/* End PBXGroup section */

/* Begin PBXNativeTarget section */
		57FF290624F40341001CE1CE /* Nested-Groups-Orthogonal-Scrolling */ = {
			isa = PBXNativeTarget;
			buildConfigurationList = 57FF291B24F40343001CE1CE /* Build configuration list for PBXNativeTarget "Nested-Groups-Orthogonal-Scrolling" */;
			buildPhases = (
				57FF290324F40341001CE1CE /* Sources */,
				57FF290424F40341001CE1CE /* Frameworks */,
				57FF290524F40341001CE1CE /* Resources */,
			);
			buildRules = (
			);
			dependencies = (
			);
			name = "Nested-Groups-Orthogonal-Scrolling";
			productName = "Nested-Groups-Orthogonal-Scrolling";
			productReference = 57FF290724F40341001CE1CE /* Nested-Groups-Orthogonal-Scrolling.app */;
			productType = "com.apple.product-type.application";
		};
/* End PBXNativeTarget section */

/* Begin PBXProject section */
		57FF28FF24F40341001CE1CE /* Project object */ = {
			isa = PBXProject;
			attributes = {
				LastSwiftUpdateCheck = 1160;
				LastUpgradeCheck = 1160;
				ORGANIZATIONNAME = "Alex Paul";
				TargetAttributes = {
					57FF290624F40341001CE1CE = {
						CreatedOnToolsVersion = 11.6;
					};
				};
			};
			buildConfigurationList = 57FF290224F40341001CE1CE /* Build configuration list for PBXProject "Nested-Groups-Orthogonal-Scrolling" */;
			compatibilityVersion = "Xcode 9.3";
			developmentRegion = en;
			hasScannedForEncodings = 0;
			knownRegions = (
				en,
				Base,
			);
			mainGroup = 57FF28FE24F40341001CE1CE;
			productRefGroup = 57FF290824F40341001CE1CE /* Products */;
			projectDirPath = "";
			projectRoot = "";
			targets = (
				57FF290624F40341001CE1CE /* Nested-Groups-Orthogonal-Scrolling */,
			);
		};
/* End PBXProject section */

/* Begin PBXResourcesBuildPhase section */
		57FF290524F40341001CE1CE /* Resources */ = {
			isa = PBXResourcesBuildPhase;
			buildActionMask = 2147483647;
			files = (
				57FF291724F40342001CE1CE /* LaunchScreen.storyboard in Resources */,
				57FF291424F40342001CE1CE /* Assets.xcassets in Resources */,
				57FF291224F40341001CE1CE /* Main.storyboard in Resources */,
			);
			runOnlyForDeploymentPostprocessing = 0;
		};
/* End PBXResourcesBuildPhase section */

/* Begin PBXSourcesBuildPhase section */
		57FF290324F40341001CE1CE /* Sources */ = {
			isa = PBXSourcesBuildPhase;
			buildActionMask = 2147483647;
			files = (
				57FF292124F413C4001CE1CE /* HeaderView.swift in Sources */,
				57FF290F24F40341001CE1CE /* NestedGroupsViewController.swift in Sources */,
				57FF290B24F40341001CE1CE /* AppDelegate.swift in Sources */,
				57FF291F24F40391001CE1CE /* LabelCell.swift in Sources */,
				57FF290D24F40341001CE1CE /* SceneDelegate.swift in Sources */,
			);
			runOnlyForDeploymentPostprocessing = 0;
		};
/* End PBXSourcesBuildPhase section */

/* Begin PBXVariantGroup section */
		57FF291024F40341001CE1CE /* Main.storyboard */ = {
			isa = PBXVariantGroup;
			children = (
				57FF291124F40341001CE1CE /* Base */,
			);
			name = Main.storyboard;
			sourceTree = "<group>";
		};
		57FF291524F40342001CE1CE /* LaunchScreen.storyboard */ = {
			isa = PBXVariantGroup;
			children = (
				57FF291624F40342001CE1CE /* Base */,
			);
			name = LaunchScreen.storyboard;
			sourceTree = "<group>";
		};
/* End PBXVariantGroup section */

/* Begin XCBuildConfiguration section */
		57FF291924F40343001CE1CE /* Debug */ = {
			isa = XCBuildConfiguration;
			buildSettings = {
				ALWAYS_SEARCH_USER_PATHS = NO;
				CLANG_ANALYZER_NONNULL = YES;
				CLANG_ANALYZER_NUMBER_OBJECT_CONVERSION = YES_AGGRESSIVE;
				CLANG_CXX_LANGUAGE_STANDARD = "gnu++14";
				CLANG_CXX_LIBRARY = "libc++";
				CLANG_ENABLE_MODULES = YES;
				CLANG_ENABLE_OBJC_ARC = YES;
				CLANG_ENABLE_OBJC_WEAK = YES;
				CLANG_WARN_BLOCK_CAPTURE_AUTORELEASING = YES;
				CLANG_WARN_BOOL_CONVERSION = YES;
				CLANG_WARN_COMMA = YES;
				CLANG_WARN_CONSTANT_CONVERSION = YES;
				CLANG_WARN_DEPRECATED_OBJC_IMPLEMENTATIONS = YES;
				CLANG_WARN_DIRECT_OBJC_ISA_USAGE = YES_ERROR;
				CLANG_WARN_DOCUMENTATION_COMMENTS = YES;
				CLANG_WARN_EMPTY_BODY = YES;
				CLANG_WARN_ENUM_CONVERSION = YES;
				CLANG_WARN_INFINITE_RECURSION = YES;
				CLANG_WARN_INT_CONVERSION = YES;
				CLANG_WARN_NON_LITERAL_NULL_CONVERSION = YES;
				CLANG_WARN_OBJC_IMPLICIT_RETAIN_SELF = YES;
				CLANG_WARN_OBJC_LITERAL_CONVERSION = YES;
				CLANG_WARN_OBJC_ROOT_CLASS = YES_ERROR;
				CLANG_WARN_RANGE_LOOP_ANALYSIS = YES;
				CLANG_WARN_STRICT_PROTOTYPES = YES;
				CLANG_WARN_SUSPICIOUS_MOVE = YES;
				CLANG_WARN_UNGUARDED_AVAILABILITY = YES_AGGRESSIVE;
				CLANG_WARN_UNREACHABLE_CODE = YES;
				CLANG_WARN__DUPLICATE_METHOD_MATCH = YES;
				COPY_PHASE_STRIP = NO;
				DEBUG_INFORMATION_FORMAT = dwarf;
				ENABLE_STRICT_OBJC_MSGSEND = YES;
				ENABLE_TESTABILITY = YES;
				GCC_C_LANGUAGE_STANDARD = gnu11;
				GCC_DYNAMIC_NO_PIC = NO;
				GCC_NO_COMMON_BLOCKS = YES;
				GCC_OPTIMIZATION_LEVEL = 0;
				GCC_PREPROCESSOR_DEFINITIONS = (
					"DEBUG=1",
					"$(inherited)",
				);
				GCC_WARN_64_TO_32_BIT_CONVERSION = YES;
				GCC_WARN_ABOUT_RETURN_TYPE = YES_ERROR;
				GCC_WARN_UNDECLARED_SELECTOR = YES;
				GCC_WARN_UNINITIALIZED_AUTOS = YES_AGGRESSIVE;
				GCC_WARN_UNUSED_FUNCTION = YES;
				GCC_WARN_UNUSED_VARIABLE = YES;
				IPHONEOS_DEPLOYMENT_TARGET = 13.6;
				MTL_ENABLE_DEBUG_INFO = INCLUDE_SOURCE;
				MTL_FAST_MATH = YES;
				ONLY_ACTIVE_ARCH = YES;
				SDKROOT = iphoneos;
				SWIFT_ACTIVE_COMPILATION_CONDITIONS = DEBUG;
				SWIFT_OPTIMIZATION_LEVEL = "-Onone";
			};
			name = Debug;
		};
		57FF291A24F40343001CE1CE /* Release */ = {
			isa = XCBuildConfiguration;
			buildSettings = {
				ALWAYS_SEARCH_USER_PATHS = NO;
				CLANG_ANALYZER_NONNULL = YES;
				CLANG_ANALYZER_NUMBER_OBJECT_CONVERSION = YES_AGGRESSIVE;
				CLANG_CXX_LANGUAGE_STANDARD = "gnu++14";
				CLANG_CXX_LIBRARY = "libc++";
				CLANG_ENABLE_MODULES = YES;
				CLANG_ENABLE_OBJC_ARC = YES;
				CLANG_ENABLE_OBJC_WEAK = YES;
				CLANG_WARN_BLOCK_CAPTURE_AUTORELEASING = YES;
				CLANG_WARN_BOOL_CONVERSION = YES;
				CLANG_WARN_COMMA = YES;
				CLANG_WARN_CONSTANT_CONVERSION = YES;
				CLANG_WARN_DEPRECATED_OBJC_IMPLEMENTATIONS = YES;
				CLANG_WARN_DIRECT_OBJC_ISA_USAGE = YES_ERROR;
				CLANG_WARN_DOCUMENTATION_COMMENTS = YES;
				CLANG_WARN_EMPTY_BODY = YES;
				CLANG_WARN_ENUM_CONVERSION = YES;
				CLANG_WARN_INFINITE_RECURSION = YES;
				CLANG_WARN_INT_CONVERSION = YES;
				CLANG_WARN_NON_LITERAL_NULL_CONVERSION = YES;
				CLANG_WARN_OBJC_IMPLICIT_RETAIN_SELF = YES;
				CLANG_WARN_OBJC_LITERAL_CONVERSION = YES;
				CLANG_WARN_OBJC_ROOT_CLASS = YES_ERROR;
				CLANG_WARN_RANGE_LOOP_ANALYSIS = YES;
				CLANG_WARN_STRICT_PROTOTYPES = YES;
				CLANG_WARN_SUSPICIOUS_MOVE = YES;
				CLANG_WARN_UNGUARDED_AVAILABILITY = YES_AGGRESSIVE;
				CLANG_WARN_UNREACHABLE_CODE = YES;
				CLANG_WARN__DUPLICATE_METHOD_MATCH = YES;
				COPY_PHASE_STRIP = NO;
				DEBUG_INFORMATION_FORMAT = "dwarf-with-dsym";
				ENABLE_NS_ASSERTIONS = NO;
				ENABLE_STRICT_OBJC_MSGSEND = YES;
				GCC_C_LANGUAGE_STANDARD = gnu11;
				GCC_NO_COMMON_BLOCKS = YES;
				GCC_WARN_64_TO_32_BIT_CONVERSION = YES;
				GCC_WARN_ABOUT_RETURN_TYPE = YES_ERROR;
				GCC_WARN_UNDECLARED_SELECTOR = YES;
				GCC_WARN_UNINITIALIZED_AUTOS = YES_AGGRESSIVE;
				GCC_WARN_UNUSED_FUNCTION = YES;
				GCC_WARN_UNUSED_VARIABLE = YES;
				IPHONEOS_DEPLOYMENT_TARGET = 13.6;
				MTL_ENABLE_DEBUG_INFO = NO;
				MTL_FAST_MATH = YES;
				SDKROOT = iphoneos;
				SWIFT_COMPILATION_MODE = wholemodule;
				SWIFT_OPTIMIZATION_LEVEL = "-O";
				VALIDATE_PRODUCT = YES;
			};
			name = Release;
		};
		57FF291C24F40343001CE1CE /* Debug */ = {
			isa = XCBuildConfiguration;
			buildSettings = {
				ASSETCATALOG_COMPILER_APPICON_NAME = AppIcon;
				CODE_SIGN_STYLE = Automatic;
				DEVELOPMENT_TEAM = ZEKMNK5YD3;
				INFOPLIST_FILE = "Nested-Groups-Orthogonal-Scrolling/Info.plist";
				LD_RUNPATH_SEARCH_PATHS = (
					"$(inherited)",
					"@executable_path/Frameworks",
				);
				PRODUCT_BUNDLE_IDENTIFIER = "com.alexcpaul.Nested-Groups-Orthogonal-Scrolling";
				PRODUCT_NAME = "$(TARGET_NAME)";
				SWIFT_VERSION = 5.0;
				TARGETED_DEVICE_FAMILY = "1,2";
			};
			name = Debug;
		};
		57FF291D24F40343001CE1CE /* Release */ = {
			isa = XCBuildConfiguration;
			buildSettings = {
				ASSETCATALOG_COMPILER_APPICON_NAME = AppIcon;
				CODE_SIGN_STYLE = Automatic;
				DEVELOPMENT_TEAM = ZEKMNK5YD3;
				INFOPLIST_FILE = "Nested-Groups-Orthogonal-Scrolling/Info.plist";
				LD_RUNPATH_SEARCH_PATHS = (
					"$(inherited)",
					"@executable_path/Frameworks",
				);
				PRODUCT_BUNDLE_IDENTIFIER = "com.alexcpaul.Nested-Groups-Orthogonal-Scrolling";
				PRODUCT_NAME = "$(TARGET_NAME)";
				SWIFT_VERSION = 5.0;
				TARGETED_DEVICE_FAMILY = "1,2";
			};
			name = Release;
		};
/* End XCBuildConfiguration section */

/* Begin XCConfigurationList section */
		57FF290224F40341001CE1CE /* Build configuration list for PBXProject "Nested-Groups-Orthogonal-Scrolling" */ = {
			isa = XCConfigurationList;
			buildConfigurations = (
				57FF291924F40343001CE1CE /* Debug */,
				57FF291A24F40343001CE1CE /* Release */,
			);
			defaultConfigurationIsVisible = 0;
			defaultConfigurationName = Release;
		};
		57FF291B24F40343001CE1CE /* Build configuration list for PBXNativeTarget "Nested-Groups-Orthogonal-Scrolling" */ = {
			isa = XCConfigurationList;
			buildConfigurations = (
				57FF291C24F40343001CE1CE /* Debug */,
				57FF291D24F40343001CE1CE /* Release */,
			);
			defaultConfigurationIsVisible = 0;
			defaultConfigurationName = Release;
		};
/* End XCConfigurationList section */
	};
	rootObject = 57FF28FF24F40341001CE1CE /* Project object */;
}
